
Microsoft Visual Studio Solution File, Format Version 12.00
# Visual Studio Version 16
VisualStudioVersion = 16.0.31624.102
MinimumVisualStudioVersion = 10.0.40219.1
Project("{FAE04EC0-301F-11D3-BF4B-00C04F79EFBC}") = "WindowsFormsApp4", "WindowsFormsApp4\WindowsFormsApp4.csproj", "{4FF4F97B-48BB-46B1-ACEE-CB2F29DA9CBB}"
EndProject
Global
	GlobalSection(SolutionConfigurationPlatforms) = preSolution
		Debug|Any CPU = Debug|Any CPU
		Release|Any CPU = Release|Any CPU
	EndGlobalSection
	GlobalSection(ProjectConfigurationPlatforms) = postSolution
		{4FF4F97B-48BB-46B1-ACEE-CB2F29DA9CBB}.Debug|Any CPU.ActiveCfg = Debug|Any CPU
		{4FF4F97B-48BB-46B1-ACEE-CB2F29DA9CBB}.Debug|Any CPU.Build.0 = Debug|Any CPU
		{4FF4F97B-48BB-46B1-ACEE-CB2F29DA9CBB}.Release|Any CPU.ActiveCfg = Release|Any CPU
		{4FF4F97B-48BB-46B1-ACEE-CB2F29DA9CBB}.Release|Any CPU.Build.0 = Release|Any CPU
	EndGlobalSection
	GlobalSection(SolutionProperties) = preSolution
		HideSolutionNode = FALSE
	EndGlobalSection
	GlobalSection(ExtensibilityGlobals) = postSolution
		SolutionGuid = {603F33DF-9FF8-4E73-8E3D-26BA34149DC5}
	EndGlobalSection
EndGlobal
